
Microsoft Visual Studio Solution File, Format Version 12.00
# Visual Studio Version 16
VisualStudioVersion = 16.0.30717.126
MinimumVisualStudioVersion = 10.0.40219.1
Project("{9A19103F-16F7-4668-BE54-9A1E7A4F7556}") = "Calamus.TaskScheduler", "Calamus.TaskScheduler\Calamus.TaskScheduler.csproj", "{DDECC6BF-9803-404C-B055-D393711B4BB6}"
EndProject
Global
	GlobalSection(SolutionConfigurationPlatforms) = preSolution
		Debug|Any CPU = Debug|Any CPU
		Release|Any CPU = Release|Any CPU
	EndGlobalSection
	GlobalSection(ProjectConfigurationPlatforms) = postSolution
		{DDECC6BF-9803-404C-B055-D393711B4BB6}.Debug|Any CPU.ActiveCfg = Debug|Any CPU
		{DDECC6BF-9803-404C-B055-D393711B4BB6}.Debug|Any CPU.Build.0 = Debug|Any CPU
		{DDECC6BF-9803-404C-B055-D393711B4BB6}.Release|Any CPU.ActiveCfg = Release|Any CPU
		{DDECC6BF-9803-404C-B055-D393711B4BB6}.Release|Any CPU.Build.0 = Release|Any CPU
	EndGlobalSection
	GlobalSection(SolutionProperties) = preSolution
		HideSolutionNode = FALSE
	EndGlobalSection
	GlobalSection(ExtensibilityGlobals) = postSolution
		SolutionGuid = {FA0E7422-542D-4824-8C06-1BE00D1E38F5}
	EndGlobalSection
EndGlobal
